# This file is automatically @generated by Cargo.
# It is not intended for manual editing.
version = 4

[[package]]
name = "bytebuffer"
version = "2.3.0"
source = "registry+https://github.com/rust-lang/crates.io-index"
checksum = "2618ff1f07e000264e355904bff5c0527091fcbad883ff7f71383c5428915f4b"
dependencies = [
 "byteorder",
]

[[package]]
name = "byteorder"
version = "1.5.0"
source = "registry+https://github.com/rust-lang/crates.io-index"
checksum = "1fd0f2584146f6f2ef48085050886acf353beff7305ebd1ae69500e27c67f64b"

[[package]]
name = "lightDB"
version = "0.1.0"
dependencies = [
 "bytebuffer",
]
